
Microsoft Visual Studio Solution File, Format Version 10.00
# Visual Studio 2008
Project("{8BC9CEB8-8B4A-11D0-8D11-00A0C91BC942}") = "MeshCore", "MeshCore\MeshCore.vcproj", "{86AF795C-8E5A-46E8-8232-0F0B3AEBB9D1}"
EndProject
Project("{8BC9CEB8-8B4A-11D0-8D11-00A0C91BC942}") = "MeshGUI", "MeshGUI\MeshGUI.vcproj", "{F69BF60C-E2AE-4B2E-A3CB-37EBFD4B29F2}"
	ProjectSection(ProjectDependencies) = postProject
		{86AF795C-8E5A-46E8-8232-0F0B3AEBB9D1} = {86AF795C-8E5A-46E8-8232-0F0B3AEBB9D1}
	EndProjectSection
EndProject
Project("{54435603-DBB4-11D2-8724-00A0C9A8B90C}") = "MeshSetup", "MeshSetup\MeshSetup.vdproj", "{890D4C3C-1DCB-45EF-BA5B-E11B58569EB1}"
EndProject
Project("{2150E333-8FDC-42A3-9474-1A3956D46DE8}") = "Solution Items", "Solution Items", "{0DFE8FD9-E150-4F96-BBE9-68D616F54DD3}"
	ProjectSection(SolutionItems) = preProject
		README.txt = README.txt
	EndProjectSection
EndProject
Global
	GlobalSection(SolutionConfigurationPlatforms) = preSolution
		Debug|Win32 = Debug|Win32
		Release|Win32 = Release|Win32
	EndGlobalSection
	GlobalSection(ProjectConfigurationPlatforms) = postSolution
		{86AF795C-8E5A-46E8-8232-0F0B3AEBB9D1}.Debug|Win32.ActiveCfg = Debug|Win32
		{86AF795C-8E5A-46E8-8232-0F0B3AEBB9D1}.Debug|Win32.Build.0 = Debug|Win32
		{86AF795C-8E5A-46E8-8232-0F0B3AEBB9D1}.Release|Win32.ActiveCfg = Release|Win32
		{86AF795C-8E5A-46E8-8232-0F0B3AEBB9D1}.Release|Win32.Build.0 = Release|Win32
		{F69BF60C-E2AE-4B2E-A3CB-37EBFD4B29F2}.Debug|Win32.ActiveCfg = Debug|Win32
		{F69BF60C-E2AE-4B2E-A3CB-37EBFD4B29F2}.Debug|Win32.Build.0 = Debug|Win32
		{F69BF60C-E2AE-4B2E-A3CB-37EBFD4B29F2}.Release|Win32.ActiveCfg = Release|Win32
		{F69BF60C-E2AE-4B2E-A3CB-37EBFD4B29F2}.Release|Win32.Build.0 = Release|Win32
		{890D4C3C-1DCB-45EF-BA5B-E11B58569EB1}.Debug|Win32.ActiveCfg = Debug
		{890D4C3C-1DCB-45EF-BA5B-E11B58569EB1}.Release|Win32.ActiveCfg = Release
		{890D4C3C-1DCB-45EF-BA5B-E11B58569EB1}.Release|Win32.Build.0 = Release
	EndGlobalSection
	GlobalSection(SolutionProperties) = preSolution
		HideSolutionNode = FALSE
	EndGlobalSection
	GlobalSection(ExtensibilityGlobals) = postSolution
		QtVersion = 4.6.2
	EndGlobalSection
EndGlobal
